
Microsoft Visual Studio Solution File, Format Version 12.00
Project("{FAE04EC0-301F-11D3-BF4B-00C04F79EFBC}") = "WiderstandBerechner_Augustine", "WiderstandBerechner_Augustine\WiderstandBerechner_Augustine.csproj", "{83D4A19B-D421-4F10-B7A2-6E2DBEC25648}"
EndProject
Global
	GlobalSection(SolutionConfigurationPlatforms) = preSolution
		Debug|Any CPU = Debug|Any CPU
		Release|Any CPU = Release|Any CPU
	EndGlobalSection
	GlobalSection(ProjectConfigurationPlatforms) = postSolution
		{83D4A19B-D421-4F10-B7A2-6E2DBEC25648}.Debug|Any CPU.ActiveCfg = Debug|Any CPU
		{83D4A19B-D421-4F10-B7A2-6E2DBEC25648}.Debug|Any CPU.Build.0 = Debug|Any CPU
		{83D4A19B-D421-4F10-B7A2-6E2DBEC25648}.Release|Any CPU.ActiveCfg = Release|Any CPU
		{83D4A19B-D421-4F10-B7A2-6E2DBEC25648}.Release|Any CPU.Build.0 = Release|Any CPU
	EndGlobalSection
EndGlobal
